
Microsoft Visual Studio Solution File, Format Version 12.00
# Visual Studio 15
VisualStudioVersion = 15.0.28307.572
MinimumVisualStudioVersion = 10.0.40219.1
Project("{FAE04EC0-301F-11D3-BF4B-00C04F79EFBC}") = "Week4_Tema2_Ecercitiul3_StudentsAndWorkers", "StudentsAndWorkers\Week4_Tema2_Ecercitiul3_StudentsAndWorkers.csproj", "{FF2783C2-8B04-4D6C-B76A-D148D4345784}"
EndProject
Global
	GlobalSection(SolutionConfigurationPlatforms) = preSolution
		Debug|Any CPU = Debug|Any CPU
		Release|Any CPU = Release|Any CPU
	EndGlobalSection
	GlobalSection(ProjectConfigurationPlatforms) = postSolution
		{FF2783C2-8B04-4D6C-B76A-D148D4345784}.Debug|Any CPU.ActiveCfg = Debug|Any CPU
		{FF2783C2-8B04-4D6C-B76A-D148D4345784}.Debug|Any CPU.Build.0 = Debug|Any CPU
		{FF2783C2-8B04-4D6C-B76A-D148D4345784}.Release|Any CPU.ActiveCfg = Release|Any CPU
		{FF2783C2-8B04-4D6C-B76A-D148D4345784}.Release|Any CPU.Build.0 = Release|Any CPU
	EndGlobalSection
	GlobalSection(SolutionProperties) = preSolution
		HideSolutionNode = FALSE
	EndGlobalSection
	GlobalSection(ExtensibilityGlobals) = postSolution
		SolutionGuid = {BC986049-70CA-4810-B553-5EC8A70A4108}
	EndGlobalSection
EndGlobal
